{
  "object": {
    "pins": [
      {
        "package": "Charts",
        "repositoryURL": "https://github.com/danielgindi/Charts",
        "state": {
          "branch": null,
          "revision": "66546404a6739173b8e436ab6bc1f2897cd08594",
          "version": "3.6.0"
        }
      },
      {
        "package": "KeychainAccess",
        "repositoryURL": "https://github.com/kishikawakatsumi/KeychainAccess",
        "state": {
          "branch": null,
          "revision": "654d52d30f3dd4592e944c3e0bccb53178c992f6",
          "version": "4.2.1"
        }
      },
      {
        "package": "SkeletonView",
        "repositoryURL": "https://github.com/Juanpe/SkeletonView",
        "state": {
          "branch": null,
          "revision": "46e2180c4b034c576928a9c331952c0147011050",
          "version": "1.11.0"
        }
      }
    ]
  },
  "version": 1
}
