PODS:
  - AWSAuthCore (2.19.1):
    - AWSCore (= 2.19.1)
  - AWSCognito (2.19.1):
    - AWSCore (= 2.19.1)
  - AWSCognitoIdentityProvider (2.19.1):
    - AWSCognitoIdentityProviderASF (= 2.19.1)
    - AWSCore (= 2.19.1)
  - AWSCognitoIdentityProviderASF (2.19.1)
  - AWSCore (2.19.1)
  - AWSIoT (2.19.1):
    - AWSCore (= 2.19.1)
  - AWSKinesisVideo (2.19.1):
    - AWSCore (= 2.19.1)
  - AWSKinesisVideoSignaling (2.19.1):
    - AWSCore (= 2.19.1)
  - AWSMobileClient (2.19.1):
    - AWSAuthCore (= 2.19.1)
    - AWSCognitoIdentityProvider (= 2.19.1)
    - AWSCognitoIdentityProviderASF (= 2.19.1)
    - AWSCore (= 2.19.1)
  - AWSS3 (2.19.1):
    - AWSCore (= 2.19.1)
  - CommonCryptoModule (1.0.2)
  - GoogleWebRTC (1.1.31999)
  - Mockingjay (3.0.0-alpha.1):
    - Mockingjay/Core (= 3.0.0-alpha.1)
    - Mockingjay/XCTest (= 3.0.0-alpha.1)
  - Mockingjay/Core (3.0.0-alpha.1):
    - URITemplate (~> 3.0)
  - Mockingjay/XCTest (3.0.0-alpha.1):
    - Mockingjay/Core
  - Starscream (3.1.1)
  - URITemplate (3.0.0)

DEPENDENCIES:
  - AWSCognito (~> 2.17)
  - AWSCognitoIdentityProvider (~> 2.17)
  - AWSCore (~> 2.17)
  - AWSIoT (~> 2.17)
  - AWSKinesisVideo (~> 2.17)
  - AWSKinesisVideoSignaling (~> 2.17)
  - AWSMobileClient (~> 2.17)
  - AWSS3 (~> 2.17)
  - CommonCryptoModule
  - GoogleWebRTC (~> 1.1)
  - Mockingjay (= 3.0.0-alpha.1)
  - Starscream (~> 3.0)

SPEC REPOS:
  trunk:
    - AWSAuthCore
    - AWSCognito
    - AWSCognitoIdentityProvider
    - AWSCognitoIdentityProviderASF
    - AWSCore
    - AWSIoT
    - AWSKinesisVideo
    - AWSKinesisVideoSignaling
    - AWSMobileClient
    - AWSS3
    - CommonCryptoModule
    - GoogleWebRTC
    - Mockingjay
    - Starscream
    - URITemplate

SPEC CHECKSUMS:
  AWSAuthCore: 387c5e3482edbbb0fe754fa110a2a0203c783432
  AWSCognito: f50de600804941d083af37a7568905f31a774727
  AWSCognitoIdentityProvider: e6932c709d3e0b234128aeb5f2052c9bf1032d8d
  AWSCognitoIdentityProviderASF: 749f58b75e69f7f0144b9d38539525562b843d34
  AWSCore: 55c154ae27efc5c98bdc30a0eeea5a35d10a2ab5
  AWSIoT: 6e03ffd2ed6c2411d3ef46a001d9d7256f3e12c1
  AWSKinesisVideo: ac7b8a283705abc902b00a5a01e7b3378581b40c
  AWSKinesisVideoSignaling: 2ac839bcf2af1aa1e89362d47f8a29284b43911c
  AWSMobileClient: b908cada3c35da9cfe5b4ff9947fcf70142495e7
  AWSS3: 2272253b098d07803af8dd20ce6ce7302bcffb47
  CommonCryptoModule: 63a68b57abed79655b3a01011419bf037a05b0a0
  GoogleWebRTC: b39a78c4f5cc6b0323415b9233db03a2faa7b0f0
  Mockingjay: 0f7c5aa49c7f1b95621cee3c79b557141f5a225c
  Starscream: 4bb2f9942274833f7b4d296a55504dcfc7edb7b0
  URITemplate: 58e0d47f967006c5d59888af5356c4a8ed3b197d

PODFILE CHECKSUM: d0e603f489440b5edb267780d233766df34353e7

COCOAPODS: 1.9.3
